
Microsoft Visual Studio Solution File, Format Version 12.00
# Visual Studio Version 16
VisualStudioVersion = 16.0.31729.503
MinimumVisualStudioVersion = 10.0.40219.1
Project("{FAE04EC0-301F-11D3-BF4B-00C04F79EFBC}") = "IDACFormulaCalculatorApp", "IDACFormulaCalculatorApp\IDACFormulaCalculatorApp.csproj", "{D0000C5A-8DF3-4C85-BBBA-69956D74AF2D}"
EndProject
Global
	GlobalSection(SolutionConfigurationPlatforms) = preSolution
		Debug|Any CPU = Debug|Any CPU
		Release|Any CPU = Release|Any CPU
	EndGlobalSection
	GlobalSection(ProjectConfigurationPlatforms) = postSolution
		{D0000C5A-8DF3-4C85-BBBA-69956D74AF2D}.Debug|Any CPU.ActiveCfg = Debug|Any CPU
		{D0000C5A-8DF3-4C85-BBBA-69956D74AF2D}.Debug|Any CPU.Build.0 = Debug|Any CPU
		{D0000C5A-8DF3-4C85-BBBA-69956D74AF2D}.Release|Any CPU.ActiveCfg = Release|Any CPU
		{D0000C5A-8DF3-4C85-BBBA-69956D74AF2D}.Release|Any CPU.Build.0 = Release|Any CPU
	EndGlobalSection
	GlobalSection(SolutionProperties) = preSolution
		HideSolutionNode = FALSE
	EndGlobalSection
	GlobalSection(ExtensibilityGlobals) = postSolution
		SolutionGuid = {C66A4730-A40C-48A4-9073-30F2660AC3F4}
	EndGlobalSection
EndGlobal
